// !$*UTF8*$!
{
	archiveVersion = 1;
	classes = {
	};
	objectVersion = 77;
	objects = {

/* Begin PBXContainerItemProxy section */
		9ADD78CE2DFA8CD300DF0B89 /* PBXContainerItemProxy */ = {
			isa = PBXContainerItemProxy;
			containerPortal = 9ADD78B62DFA8CD300DF0B89 /* Project object */;
			proxyType = 1;
			remoteGlobalIDString = 9ADD78BD2DFA8CD300DF0B89;
			remoteInfo = qrCheckin;
		};
		9ADD78D82DFA8CD300DF0B89 /* PBXContainerItemProxy */ = {
			isa = PBXContainerItemProxy;
			containerPortal = 9ADD78B62DFA8CD300DF0B89 /* Project object */;
			proxyType = 1;
			remoteGlobalIDString = 9ADD78BD2DFA8CD300DF0B89;
			remoteInfo = qrCheckin;
		};
/* End PBXContainerItemProxy section */

/* Begin PBXFileReference section */
		9ADD78BE2DFA8CD300DF0B89 /* qrCheckin.app */ = {isa = PBXFileReference; explicitFileType = wrapper.application; includeInIndex = 0; path = qrCheckin.app; sourceTree = BUILT_PRODUCTS_DIR; };
		9ADD78CD2DFA8CD300DF0B89 /* qrCheckinTests.xctest */ = {isa = PBXFileReference; explicitFileType = wrapper.cfbundle; includeInIndex = 0; path = qrCheckinTests.xctest; sourceTree = BUILT_PRODUCTS_DIR; };
		9ADD78D72DFA8CD300DF0B89 /* qrCheckinUITests.xctest */ = {isa = PBXFileReference; explicitFileType = wrapper.cfbundle; includeInIndex = 0; path = qrCheckinUITests.xctest; sourceTree = BUILT_PRODUCTS_DIR; };
/* End PBXFileReference section */

/* Begin PBXFileSystemSynchronizedRootGroup section */
		9ADD78C02DFA8CD300DF0B89 /* qrCheckin */ = {
			isa = PBXFileSystemSynchronizedRootGroup;
			path = qrCheckin;
			sourceTree = "<group>";
		};
		9ADD78D02DFA8CD300DF0B89 /* qrCheckinTests */ = {
			isa = PBXFileSystemSynchronizedRootGroup;
			path = qrCheckinTests;
			sourceTree = "<group>";
		};
		9ADD78DA2DFA8CD300DF0B89 /* qrCheckinUITests */ = {
			isa = PBXFileSystemSynchronizedRootGroup;
			path = qrCheckinUITests;
			sourceTree = "<group>";
		};
/* End PBXFileSystemSynchronizedRootGroup section */

/* Begin PBXFrameworksBuildPhase section */
		9ADD78BB2DFA8CD300DF0B89 /* Frameworks */ = {
			isa = PBXFrameworksBuildPhase;
			buildActionMask = 2147483647;
			files = (
			);
			runOnlyForDeploymentPostprocessing = 0;
		};
		9ADD78CA2DFA8CD300DF0B89 /* Frameworks */ = {
			isa = PBXFrameworksBuildPhase;
			buildActionMask = 2147483647;
			files = (
			);
			runOnlyForDeploymentPostprocessing = 0;
		};
		9ADD78D42DFA8CD300DF0B89 /* Frameworks */ = {
			isa = PBXFrameworksBuildPhase;
			buildActionMask = 2147483647;
			files = (
			);
			runOnlyForDeploymentPostprocessing = 0;
		};
/* End PBXFrameworksBuildPhase section */

/* Begin PBXGroup section */
		9ADD78B52DFA8CD300DF0B89 = {
			isa = PBXGroup;
			children = (
				9ADD78C02DFA8CD300DF0B89 /* qrCheckin */,
				9ADD78D02DFA8CD300DF0B89 /* qrCheckinTests */,
				9ADD78DA2DFA8CD300DF0B89 /* qrCheckinUITests */,
				9ADD78BF2DFA8CD300DF0B89 /* Products */,
			);
			sourceTree = "<group>";
		};
		9ADD78BF2DFA8CD300DF0B89 /* Products */ = {
			isa = PBXGroup;
			children = (
				9ADD78BE2DFA8CD300DF0B89 /* qrCheckin.app */,
				9ADD78CD2DFA8CD300DF0B89 /* qrCheckinTests.xctest */,
				9ADD78D72DFA8CD300DF0B89 /* qrCheckinUITests.xctest */,
			);
			name = Products;
			sourceTree = "<group>";
		};
/* End PBXGroup section */

/* Begin PBXNativeTarget section */
		9ADD78BD2DFA8CD300DF0B89 /* qrCheckin */ = {
			isa = PBXNativeTarget;
			buildConfigurationList = 9ADD78E12DFA8CD300DF0B89 /* Build configuration list for PBXNativeTarget "qrCheckin" */;
			buildPhases = (
				9ADD78BA2DFA8CD300DF0B89 /* Sources */,
				9ADD78BB2DFA8CD300DF0B89 /* Frameworks */,
				9ADD78BC2DFA8CD300DF0B89 /* Resources */,
			);
			buildRules = (
			);
			dependencies = (
			);
			fileSystemSynchronizedGroups = (
				9ADD78C02DFA8CD300DF0B89 /* qrCheckin */,
			);
			name = qrCheckin;
			packageProductDependencies = (
			);
			productName = qrCheckin;
			productReference = 9ADD78BE2DFA8CD300DF0B89 /* qrCheckin.app */;
			productType = "com.apple.product-type.application";
		};
		9ADD78CC2DFA8CD300DF0B89 /* qrCheckinTests */ = {
			isa = PBXNativeTarget;
			buildConfigurationList = 9ADD78E42DFA8CD300DF0B89 /* Build configuration list for PBXNativeTarget "qrCheckinTests" */;
			buildPhases = (
				9ADD78C92DFA8CD300DF0B89 /* Sources */,
				9ADD78CA2DFA8CD300DF0B89 /* Frameworks */,
				9ADD78CB2DFA8CD300DF0B89 /* Resources */,
			);
			buildRules = (
			);
			dependencies = (
				9ADD78CF2DFA8CD300DF0B89 /* PBXTargetDependency */,
			);
			fileSystemSynchronizedGroups = (
				9ADD78D02DFA8CD300DF0B89 /* qrCheckinTests */,
			);
			name = qrCheckinTests;
			packageProductDependencies = (
			);
			productName = qrCheckinTests;
			productReference = 9ADD78CD2DFA8CD300DF0B89 /* qrCheckinTests.xctest */;
			productType = "com.apple.product-type.bundle.unit-test";
		};
		9ADD78D62DFA8CD300DF0B89 /* qrCheckinUITests */ = {
			isa = PBXNativeTarget;
			buildConfigurationList = 9ADD78E72DFA8CD300DF0B89 /* Build configuration list for PBXNativeTarget "qrCheckinUITests" */;
			buildPhases = (
				9ADD78D32DFA8CD300DF0B89 /* Sources */,
				9ADD78D42DFA8CD300DF0B89 /* Frameworks */,
				9ADD78D52DFA8CD300DF0B89 /* Resources */,
			);
			buildRules = (
			);
			dependencies = (
				9ADD78D92DFA8CD300DF0B89 /* PBXTargetDependency */,
			);
			fileSystemSynchronizedGroups = (
				9ADD78DA2DFA8CD300DF0B89 /* qrCheckinUITests */,
			);
			name = qrCheckinUITests;
			packageProductDependencies = (
			);
			productName = qrCheckinUITests;
			productReference = 9ADD78D72DFA8CD300DF0B89 /* qrCheckinUITests.xctest */;
			productType = "com.apple.product-type.bundle.ui-testing";
		};
/* End PBXNativeTarget section */

/* Begin PBXProject section */
		9ADD78B62DFA8CD300DF0B89 /* Project object */ = {
			isa = PBXProject;
			attributes = {
				BuildIndependentTargetsInParallel = 1;
				LastSwiftUpdateCheck = 1640;
				LastUpgradeCheck = 1640;
				TargetAttributes = {
					9ADD78BD2DFA8CD300DF0B89 = {
						CreatedOnToolsVersion = 16.4;
					};
					9ADD78CC2DFA8CD300DF0B89 = {
						CreatedOnToolsVersion = 16.4;
						TestTargetID = 9ADD78BD2DFA8CD300DF0B89;
					};
					9ADD78D62DFA8CD300DF0B89 = {
						CreatedOnToolsVersion = 16.4;
						TestTargetID = 9ADD78BD2DFA8CD300DF0B89;
					};
				};
			};
			buildConfigurationList = 9ADD78B92DFA8CD300DF0B89 /* Build configuration list for PBXProject "qrCheckin" */;
			developmentRegion = en;
			hasScannedForEncodings = 0;
			knownRegions = (
				en,
				Base,
			);
			mainGroup = 9ADD78B52DFA8CD300DF0B89;
			minimizedProjectReferenceProxies = 1;
			preferredProjectObjectVersion = 77;
			productRefGroup = 9ADD78BF2DFA8CD300DF0B89 /* Products */;
			projectDirPath = "";
			projectRoot = "";
			targets = (
				9ADD78BD2DFA8CD300DF0B89 /* qrCheckin */,
				9ADD78CC2DFA8CD300DF0B89 /* qrCheckinTests */,
				9ADD78D62DFA8CD300DF0B89 /* qrCheckinUITests */,
			);
		};
/* End PBXProject section */

/* Begin PBXResourcesBuildPhase section */
		9ADD78BC2DFA8CD300DF0B89 /* Resources */ = {
			isa = PBXResourcesBuildPhase;
			buildActionMask = 2147483647;
			files = (
			);
			runOnlyForDeploymentPostprocessing = 0;
		};
		9ADD78CB2DFA8CD300DF0B89 /* Resources */ = {
			isa = PBXResourcesBuildPhase;
			buildActionMask = 2147483647;
			files = (
			);
			runOnlyForDeploymentPostprocessing = 0;
		};
		9ADD78D52DFA8CD300DF0B89 /* Resources */ = {
			isa = PBXResourcesBuildPhase;
			buildActionMask = 2147483647;
			files = (
			);
			runOnlyForDeploymentPostprocessing = 0;
		};
/* End PBXResourcesBuildPhase section */

/* Begin PBXSourcesBuildPhase section */
		9ADD78BA2DFA8CD300DF0B89 /* Sources */ = {
			isa = PBXSourcesBuildPhase;
			buildActionMask = 2147483647;
			files = (
			);
			runOnlyForDeploymentPostprocessing = 0;
		};
		9ADD78C92DFA8CD300DF0B89 /* Sources */ = {
			isa = PBXSourcesBuildPhase;
			buildActionMask = 2147483647;
			files = (
			);
			runOnlyForDeploymentPostprocessing = 0;
		};
		9ADD78D32DFA8CD300DF0B89 /* Sources */ = {
			isa = PBXSourcesBuildPhase;
			buildActionMask = 2147483647;
			files = (
			);
			runOnlyForDeploymentPostprocessing = 0;
		};
/* End PBXSourcesBuildPhase section */

/* Begin PBXTargetDependency section */
		9ADD78CF2DFA8CD300DF0B89 /* PBXTargetDependency */ = {
			isa = PBXTargetDependency;
			target = 9ADD78BD2DFA8CD300DF0B89 /* qrCheckin */;
			targetProxy = 9ADD78CE2DFA8CD300DF0B89 /* PBXContainerItemProxy */;
		};
		9ADD78D92DFA8CD300DF0B89 /* PBXTargetDependency */ = {
			isa = PBXTargetDependency;
			target = 9ADD78BD2DFA8CD300DF0B89 /* qrCheckin */;
			targetProxy = 9ADD78D82DFA8CD300DF0B89 /* PBXContainerItemProxy */;
		};
/* End PBXTargetDependency section */

/* Begin XCBuildConfiguration section */
		9ADD78DF2DFA8CD300DF0B89 /* Debug */ = {
			isa = XCBuildConfiguration;
			buildSettings = {
				ALWAYS_SEARCH_USER_PATHS = NO;
				ASSETCATALOG_COMPILER_GENERATE_SWIFT_ASSET_SYMBOL_EXTENSIONS = YES;
				CLANG_ANALYZER_NONNULL = YES;
				CLANG_ANALYZER_NUMBER_OBJECT_CONVERSION = YES_AGGRESSIVE;
				CLANG_CXX_LANGUAGE_STANDARD = "gnu++20";
				CLANG_ENABLE_MODULES = YES;
				CLANG_ENABLE_OBJC_ARC = YES;
				CLANG_ENABLE_OBJC_WEAK = YES;
				CLANG_WARN_BLOCK_CAPTURE_AUTORELEASING = YES;
				CLANG_WARN_BOOL_CONVERSION = YES;
				CLANG_WARN_COMMA = YES;
				CLANG_WARN_CONSTANT_CONVERSION = YES;
				CLANG_WARN_DEPRECATED_OBJC_IMPLEMENTATIONS = YES;
				CLANG_WARN_DIRECT_OBJC_ISA_USAGE = YES_ERROR;
				CLANG_WARN_DOCUMENTATION_COMMENTS = YES;
				CLANG_WARN_EMPTY_BODY = YES;
				CLANG_WARN_ENUM_CONVERSION = YES;
				CLANG_WARN_INFINITE_RECURSION = YES;
				CLANG_WARN_INT_CONVERSION = YES;
				CLANG_WARN_NON_LITERAL_NULL_CONVERSION = YES;
				CLANG_WARN_OBJC_IMPLICIT_RETAIN_SELF = YES;
				CLANG_WARN_OBJC_LITERAL_CONVERSION = YES;
				CLANG_WARN_OBJC_ROOT_CLASS = YES_ERROR;
				CLANG_WARN_QUOTED_INCLUDE_IN_FRAMEWORK_HEADER = YES;
				CLANG_WARN_RANGE_LOOP_ANALYSIS = YES;
				CLANG_WARN_STRICT_PROTOTYPES = YES;
				CLANG_WARN_SUSPICIOUS_MOVE = YES;
				CLANG_WARN_UNGUARDED_AVAILABILITY = YES_AGGRESSIVE;
				CLANG_WARN_UNREACHABLE_CODE = YES;
				CLANG_WARN__DUPLICATE_METHOD_MATCH = YES;
				COPY_PHASE_STRIP = NO;
				DEBUG_INFORMATION_FORMAT = dwarf;
				DEVELOPMENT_TEAM = 22H5GDTG34;
				ENABLE_STRICT_OBJC_MSGSEND = YES;
				ENABLE_TESTABILITY = YES;
				ENABLE_USER_SCRIPT_SANDBOXING = YES;
				GCC_C_LANGUAGE_STANDARD = gnu17;
				GCC_DYNAMIC_NO_PIC = NO;
				GCC_NO_COMMON_BLOCKS = YES;
				GCC_OPTIMIZATION_LEVEL = 0;
				GCC_PREPROCESSOR_DEFINITIONS = (
					"DEBUG=1",
					"$(inherited)",
				);
				GCC_WARN_64_TO_32_BIT_CONVERSION = YES;
				GCC_WARN_ABOUT_RETURN_TYPE = YES_ERROR;
				GCC_WARN_UNDECLARED_SELECTOR = YES;
				GCC_WARN_UNINITIALIZED_AUTOS = YES_AGGRESSIVE;
				GCC_WARN_UNUSED_FUNCTION = YES;
				GCC_WARN_UNUSED_VARIABLE = YES;
				IPHONEOS_DEPLOYMENT_TARGET = 18.5;
				LOCALIZATION_PREFERS_STRING_CATALOGS = YES;
				MTL_ENABLE_DEBUG_INFO = INCLUDE_SOURCE;
				MTL_FAST_MATH = YES;
				ONLY_ACTIVE_ARCH = YES;
				SDKROOT = iphoneos;
				SWIFT_ACTIVE_COMPILATION_CONDITIONS = "DEBUG $(inherited)";
				SWIFT_OPTIMIZATION_LEVEL = "-Onone";
			};
			name = Debug;
		};
		9ADD78E02DFA8CD300DF0B89 /* Release */ = {
			isa = XCBuildConfiguration;
			buildSettings = {
				ALWAYS_SEARCH_USER_PATHS = NO;
				ASSETCATALOG_COMPILER_GENERATE_SWIFT_ASSET_SYMBOL_EXTENSIONS = YES;
				CLANG_ANALYZER_NONNULL = YES;
				CLANG_ANALYZER_NUMBER_OBJECT_CONVERSION = YES_AGGRESSIVE;
				CLANG_CXX_LANGUAGE_STANDARD = "gnu++20";
				CLANG_ENABLE_MODULES = YES;
				CLANG_ENABLE_OBJC_ARC = YES;
				CLANG_ENABLE_OBJC_WEAK = YES;
				CLANG_WARN_BLOCK_CAPTURE_AUTORELEASING = YES;
				CLANG_WARN_BOOL_CONVERSION = YES;
				CLANG_WARN_COMMA = YES;
				CLANG_WARN_CONSTANT_CONVERSION = YES;
				CLANG_WARN_DEPRECATED_OBJC_IMPLEMENTATIONS = YES;
				CLANG_WARN_DIRECT_OBJC_ISA_USAGE = YES_ERROR;
				CLANG_WARN_DOCUMENTATION_COMMENTS = YES;
				CLANG_WARN_EMPTY_BODY = YES;
				CLANG_WARN_ENUM_CONVERSION = YES;
				CLANG_WARN_INFINITE_RECURSION = YES;
				CLANG_WARN_INT_CONVERSION = YES;
				CLANG_WARN_NON_LITERAL_NULL_CONVERSION = YES;
				CLANG_WARN_OBJC_IMPLICIT_RETAIN_SELF = YES;
				CLANG_WARN_OBJC_LITERAL_CONVERSION = YES;
				CLANG_WARN_OBJC_ROOT_CLASS = YES_ERROR;
				CLANG_WARN_QUOTED_INCLUDE_IN_FRAMEWORK_HEADER = YES;
				CLANG_WARN_RANGE_LOOP_ANALYSIS = YES;
				CLANG_WARN_STRICT_PROTOTYPES = YES;
				CLANG_WARN_SUSPICIOUS_MOVE = YES;
				CLANG_WARN_UNGUARDED_AVAILABILITY = YES_AGGRESSIVE;
				CLANG_WARN_UNREACHABLE_CODE = YES;
				CLANG_WARN__DUPLICATE_METHOD_MATCH = YES;
				COPY_PHASE_STRIP = NO;
				DEBUG_INFORMATION_FORMAT = "dwarf-with-dsym";
				DEVELOPMENT_TEAM = 22H5GDTG34;
				ENABLE_NS_ASSERTIONS = NO;
				ENABLE_STRICT_OBJC_MSGSEND = YES;
				ENABLE_USER_SCRIPT_SANDBOXING = YES;
				GCC_C_LANGUAGE_STANDARD = gnu17;
				GCC_NO_COMMON_BLOCKS = YES;
				GCC_WARN_64_TO_32_BIT_CONVERSION = YES;
				GCC_WARN_ABOUT_RETURN_TYPE = YES_ERROR;
				GCC_WARN_UNDECLARED_SELECTOR = YES;
				GCC_WARN_UNINITIALIZED_AUTOS = YES_AGGRESSIVE;
				GCC_WARN_UNUSED_FUNCTION = YES;
				GCC_WARN_UNUSED_VARIABLE = YES;
				IPHONEOS_DEPLOYMENT_TARGET = 18.5;
				LOCALIZATION_PREFERS_STRING_CATALOGS = YES;
				MTL_ENABLE_DEBUG_INFO = NO;
				MTL_FAST_MATH = YES;
				SDKROOT = iphoneos;
				SWIFT_COMPILATION_MODE = wholemodule;
				VALIDATE_PRODUCT = YES;
			};
			name = Release;
		};
		9ADD78E22DFA8CD300DF0B89 /* Debug */ = {
			isa = XCBuildConfiguration;
			buildSettings = {
				ASSETCATALOG_COMPILER_APPICON_NAME = AppIcon;
				ASSETCATALOG_COMPILER_GLOBAL_ACCENT_COLOR_NAME = AccentColor;
				CODE_SIGN_STYLE = Automatic;
				CURRENT_PROJECT_VERSION = 1;
				DEVELOPMENT_TEAM = 22H5GDTG34;
				ENABLE_PREVIEWS = YES;
				GENERATE_INFOPLIST_FILE = YES;
				INFOPLIST_KEY_UIApplicationSceneManifest_Generation = YES;
				INFOPLIST_KEY_UIApplicationSupportsIndirectInputEvents = YES;
				INFOPLIST_KEY_UILaunchScreen_Generation = YES;
				INFOPLIST_KEY_UISupportedInterfaceOrientations_iPad = "UIInterfaceOrientationPortrait UIInterfaceOrientationPortraitUpsideDown UIInterfaceOrientationLandscapeLeft UIInterfaceOrientationLandscapeRight";
				INFOPLIST_KEY_UISupportedInterfaceOrientations_iPhone = "UIInterfaceOrientationPortrait UIInterfaceOrientationLandscapeLeft UIInterfaceOrientationLandscapeRight";
				LD_RUNPATH_SEARCH_PATHS = (
					"$(inherited)",
					"@executable_path/Frameworks",
				);
				MARKETING_VERSION = 1.0;
				PRODUCT_BUNDLE_IDENTIFIER = zplus.qrCheckin;
				PRODUCT_NAME = "$(TARGET_NAME)";
				SWIFT_EMIT_LOC_STRINGS = YES;
				SWIFT_VERSION = 5.0;
				TARGETED_DEVICE_FAMILY = "1,2";
			};
			name = Debug;
		};
		9ADD78E32DFA8CD300DF0B89 /* Release */ = {
			isa = XCBuildConfiguration;
			buildSettings = {
				ASSETCATALOG_COMPILER_APPICON_NAME = AppIcon;
				ASSETCATALOG_COMPILER_GLOBAL_ACCENT_COLOR_NAME = AccentColor;
				CODE_SIGN_STYLE = Automatic;
				CURRENT_PROJECT_VERSION = 1;
				DEVELOPMENT_TEAM = 22H5GDTG34;
				ENABLE_PREVIEWS = YES;
				GENERATE_INFOPLIST_FILE = YES;
				INFOPLIST_KEY_UIApplicationSceneManifest_Generation = YES;
				INFOPLIST_KEY_UIApplicationSupportsIndirectInputEvents = YES;
				INFOPLIST_KEY_UILaunchScreen_Generation = YES;
				INFOPLIST_KEY_UISupportedInterfaceOrientations_iPad = "UIInterfaceOrientationPortrait UIInterfaceOrientationPortraitUpsideDown UIInterfaceOrientationLandscapeLeft UIInterfaceOrientationLandscapeRight";
				INFOPLIST_KEY_UISupportedInterfaceOrientations_iPhone = "UIInterfaceOrientationPortrait UIInterfaceOrientationLandscapeLeft UIInterfaceOrientationLandscapeRight";
				LD_RUNPATH_SEARCH_PATHS = (
					"$(inherited)",
					"@executable_path/Frameworks",
				);
				MARKETING_VERSION = 1.0;
				PRODUCT_BUNDLE_IDENTIFIER = zplus.qrCheckin;
				PRODUCT_NAME = "$(TARGET_NAME)";
				SWIFT_EMIT_LOC_STRINGS = YES;
				SWIFT_VERSION = 5.0;
				TARGETED_DEVICE_FAMILY = "1,2";
			};
			name = Release;
		};
		9ADD78E52DFA8CD300DF0B89 /* Debug */ = {
			isa = XCBuildConfiguration;
			buildSettings = {
				BUNDLE_LOADER = "$(TEST_HOST)";
				CODE_SIGN_STYLE = Automatic;
				CURRENT_PROJECT_VERSION = 1;
				DEVELOPMENT_TEAM = 22H5GDTG34;
				GENERATE_INFOPLIST_FILE = YES;
				IPHONEOS_DEPLOYMENT_TARGET = 18.5;
				MARKETING_VERSION = 1.0;
				PRODUCT_BUNDLE_IDENTIFIER = zplus.qrCheckinTests;
				PRODUCT_NAME = "$(TARGET_NAME)";
				SWIFT_EMIT_LOC_STRINGS = NO;
				SWIFT_VERSION = 5.0;
				TARGETED_DEVICE_FAMILY = "1,2";
				TEST_HOST = "$(BUILT_PRODUCTS_DIR)/qrCheckin.app/$(BUNDLE_EXECUTABLE_FOLDER_PATH)/qrCheckin";
			};
			name = Debug;
		};
		9ADD78E62DFA8CD300DF0B89 /* Release */ = {
			isa = XCBuildConfiguration;
			buildSettings = {
				BUNDLE_LOADER = "$(TEST_HOST)";
				CODE_SIGN_STYLE = Automatic;
				CURRENT_PROJECT_VERSION = 1;
				DEVELOPMENT_TEAM = 22H5GDTG34;
				GENERATE_INFOPLIST_FILE = YES;
				IPHONEOS_DEPLOYMENT_TARGET = 18.5;
				MARKETING_VERSION = 1.0;
				PRODUCT_BUNDLE_IDENTIFIER = zplus.qrCheckinTests;
				PRODUCT_NAME = "$(TARGET_NAME)";
				SWIFT_EMIT_LOC_STRINGS = NO;
				SWIFT_VERSION = 5.0;
				TARGETED_DEVICE_FAMILY = "1,2";
				TEST_HOST = "$(BUILT_PRODUCTS_DIR)/qrCheckin.app/$(BUNDLE_EXECUTABLE_FOLDER_PATH)/qrCheckin";
			};
			name = Release;
		};
		9ADD78E82DFA8CD300DF0B89 /* Debug */ = {
			isa = XCBuildConfiguration;
			buildSettings = {
				CODE_SIGN_STYLE = Automatic;
				CURRENT_PROJECT_VERSION = 1;
				DEVELOPMENT_TEAM = 22H5GDTG34;
				GENERATE_INFOPLIST_FILE = YES;
				MARKETING_VERSION = 1.0;
				PRODUCT_BUNDLE_IDENTIFIER = zplus.qrCheckinUITests;
				PRODUCT_NAME = "$(TARGET_NAME)";
				SWIFT_EMIT_LOC_STRINGS = NO;
				SWIFT_VERSION = 5.0;
				TARGETED_DEVICE_FAMILY = "1,2";
				TEST_TARGET_NAME = qrCheckin;
			};
			name = Debug;
		};
		9ADD78E92DFA8CD300DF0B89 /* Release */ = {
			isa = XCBuildConfiguration;
			buildSettings = {
				CODE_SIGN_STYLE = Automatic;
				CURRENT_PROJECT_VERSION = 1;
				DEVELOPMENT_TEAM = 22H5GDTG34;
				GENERATE_INFOPLIST_FILE = YES;
				MARKETING_VERSION = 1.0;
				PRODUCT_BUNDLE_IDENTIFIER = zplus.qrCheckinUITests;
				PRODUCT_NAME = "$(TARGET_NAME)";
				SWIFT_EMIT_LOC_STRINGS = NO;
				SWIFT_VERSION = 5.0;
				TARGETED_DEVICE_FAMILY = "1,2";
				TEST_TARGET_NAME = qrCheckin;
			};
			name = Release;
		};
/* End XCBuildConfiguration section */

/* Begin XCConfigurationList section */
		9ADD78B92DFA8CD300DF0B89 /* Build configuration list for PBXProject "qrCheckin" */ = {
			isa = XCConfigurationList;
			buildConfigurations = (
				9ADD78DF2DFA8CD300DF0B89 /* Debug */,
				9ADD78E02DFA8CD300DF0B89 /* Release */,
			);
			defaultConfigurationIsVisible = 0;
			defaultConfigurationName = Release;
		};
		9ADD78E12DFA8CD300DF0B89 /* Build configuration list for PBXNativeTarget "qrCheckin" */ = {
			isa = XCConfigurationList;
			buildConfigurations = (
				9ADD78E22DFA8CD300DF0B89 /* Debug */,
				9ADD78E32DFA8CD300DF0B89 /* Release */,
			);
			defaultConfigurationIsVisible = 0;
			defaultConfigurationName = Release;
		};
		9ADD78E42DFA8CD300DF0B89 /* Build configuration list for PBXNativeTarget "qrCheckinTests" */ = {
			isa = XCConfigurationList;
			buildConfigurations = (
				9ADD78E52DFA8CD300DF0B89 /* Debug */,
				9ADD78E62DFA8CD300DF0B89 /* Release */,
			);
			defaultConfigurationIsVisible = 0;
			defaultConfigurationName = Release;
		};
		9ADD78E72DFA8CD300DF0B89 /* Build configuration list for PBXNativeTarget "qrCheckinUITests" */ = {
			isa = XCConfigurationList;
			buildConfigurations = (
				9ADD78E82DFA8CD300DF0B89 /* Debug */,
				9ADD78E92DFA8CD300DF0B89 /* Release */,
			);
			defaultConfigurationIsVisible = 0;
			defaultConfigurationName = Release;
		};
/* End XCConfigurationList section */
	};
	rootObject = 9ADD78B62DFA8CD300DF0B89 /* Project object */;
}
